// !$*UTF8*$!
{
	archiveVersion = 1;
	classes = {};
	objectVersion = 56;
	objects = {

/* Begin PBXBuildFile section */
		A10000000000000000000001 /* AppDelegate.swift in Sources */ = {isa = PBXBuildFile; fileRef = A20000000000000000000001 /* AppDelegate.swift */; };
		A10000000000000000000002 /* OwnerDataStore.swift in Sources */ = {isa = PBXBuildFile; fileRef = A20000000000000000000002 /* OwnerDataStore.swift */; };
		A10000000000000000000003 /* LocalAssetServer.swift in Sources */ = {isa = PBXBuildFile; fileRef = A20000000000000000000003 /* LocalAssetServer.swift */; };
		A10000000000000000000004 /* HostViewController.swift in Sources */ = {isa = PBXBuildFile; fileRef = A20000000000000000000004 /* HostViewController.swift */; };
		A10000000000000000000005 /* RuntimeLifecycle.swift in Sources */ = {isa = PBXBuildFile; fileRef = A20000000000000000000005 /* RuntimeLifecycle.swift */; };
		A10000000000000000000006 /* Web in Resources */ = {isa = PBXBuildFile; fileRef = A20000000000000000000007 /* Web */; };
		A10000000000000000000008 /* OwnerDataStoreTests.swift in Sources */ = {isa = PBXBuildFile; fileRef = A20000000000000000000008 /* OwnerDataStoreTests.swift */; };
		A10000000000000000000009 /* LocalAssetServerTests.swift in Sources */ = {isa = PBXBuildFile; fileRef = A20000000000000000000009 /* LocalAssetServerTests.swift */; };
		A1000000000000000000000A /* RuntimeLifecycleTests.swift in Sources */ = {isa = PBXBuildFile; fileRef = A2000000000000000000000A /* RuntimeLifecycleTests.swift */; };
		A1000000000000000000000B /* LocalWebKitContractTests.swift in Sources */ = {isa = PBXBuildFile; fileRef = A2000000000000000000000B /* LocalWebKitContractTests.swift */; };
		A1000000000000000000000C /* Assets.xcassets in Resources */ = {isa = PBXBuildFile; fileRef = A2000000000000000000000F /* Assets.xcassets */; };
		A1000000000000000000000D /* RuntimeDiagnostics.swift in Sources */ = {isa = PBXBuildFile; fileRef = A2000000000000000000000E /* RuntimeDiagnostics.swift */; };
/* End PBXBuildFile section */

/* Begin PBXContainerItemProxy section */
		A50000000000000000000001 /* PBXContainerItemProxy */ = {
			isa = PBXContainerItemProxy;
			containerPortal = A90000000000000000000001 /* Project object */;
			proxyType = 1;
			remoteGlobalIDString = A60000000000000000000001;
			remoteInfo = RA2M1;
		};
/* End PBXContainerItemProxy section */

/* Begin PBXFileReference section */
		A20000000000000000000001 /* AppDelegate.swift */ = {isa = PBXFileReference; lastKnownFileType = sourcecode.swift; path = AppDelegate.swift; sourceTree = "<group>"; };
		A20000000000000000000002 /* OwnerDataStore.swift */ = {isa = PBXFileReference; lastKnownFileType = sourcecode.swift; path = OwnerDataStore.swift; sourceTree = "<group>"; };
		A20000000000000000000003 /* LocalAssetServer.swift */ = {isa = PBXFileReference; lastKnownFileType = sourcecode.swift; path = LocalAssetServer.swift; sourceTree = "<group>"; };
		A20000000000000000000004 /* HostViewController.swift */ = {isa = PBXFileReference; lastKnownFileType = sourcecode.swift; path = HostViewController.swift; sourceTree = "<group>"; };
		A20000000000000000000005 /* RuntimeLifecycle.swift */ = {isa = PBXFileReference; lastKnownFileType = sourcecode.swift; path = RuntimeLifecycle.swift; sourceTree = "<group>"; };
		A20000000000000000000006 /* Info.plist */ = {isa = PBXFileReference; lastKnownFileType = text.plist.xml; path = Sources/Info.plist; sourceTree = "<group>"; };
		A20000000000000000000007 /* Web */ = {isa = PBXFileReference; lastKnownFileType = folder; path = Resources/Web; sourceTree = SOURCE_ROOT; };
		A20000000000000000000008 /* OwnerDataStoreTests.swift */ = {isa = PBXFileReference; lastKnownFileType = sourcecode.swift; path = OwnerDataStoreTests.swift; sourceTree = "<group>"; };
		A20000000000000000000009 /* LocalAssetServerTests.swift */ = {isa = PBXFileReference; lastKnownFileType = sourcecode.swift; path = LocalAssetServerTests.swift; sourceTree = "<group>"; };
		A2000000000000000000000A /* RuntimeLifecycleTests.swift */ = {isa = PBXFileReference; lastKnownFileType = sourcecode.swift; path = RuntimeLifecycleTests.swift; sourceTree = "<group>"; };
		A2000000000000000000000B /* LocalWebKitContractTests.swift */ = {isa = PBXFileReference; lastKnownFileType = sourcecode.swift; path = LocalWebKitContractTests.swift; sourceTree = "<group>"; };
		A2000000000000000000000C /* RA2M1.app */ = {isa = PBXFileReference; explicitFileType = wrapper.application; includeInIndex = 0; path = RA2M1.app; sourceTree = BUILT_PRODUCTS_DIR; };
		A2000000000000000000000D /* RA2M1Tests.xctest */ = {isa = PBXFileReference; explicitFileType = wrapper.cfbundle; includeInIndex = 0; path = RA2M1Tests.xctest; sourceTree = BUILT_PRODUCTS_DIR; };
		A2000000000000000000000E /* RuntimeDiagnostics.swift */ = {isa = PBXFileReference; lastKnownFileType = sourcecode.swift; path = RuntimeDiagnostics.swift; sourceTree = "<group>"; };
		A2000000000000000000000F /* Assets.xcassets */ = {isa = PBXFileReference; lastKnownFileType = folder.assetcatalog; path = Resources/Assets.xcassets; sourceTree = SOURCE_ROOT; };
/* End PBXFileReference section */

/* Begin PBXFrameworksBuildPhase section */
		A30000000000000000000001 /* Frameworks */ = {isa = PBXFrameworksBuildPhase; buildActionMask = 2147483647; files = (); runOnlyForDeploymentPostprocessing = 0; };
		A30000000000000000000002 /* Frameworks */ = {isa = PBXFrameworksBuildPhase; buildActionMask = 2147483647; files = (); runOnlyForDeploymentPostprocessing = 0; };
/* End PBXFrameworksBuildPhase section */

/* Begin PBXGroup section */
		A40000000000000000000001 = {isa = PBXGroup; children = (A40000000000000000000002 /* Sources */, A40000000000000000000003 /* Tests */, A20000000000000000000006 /* Info.plist */, A20000000000000000000007 /* Web */, A2000000000000000000000F /* Assets.xcassets */, A40000000000000000000004 /* Products */); sourceTree = "<group>"; };
		A40000000000000000000002 /* Sources */ = {isa = PBXGroup; children = (A20000000000000000000001 /* AppDelegate.swift */, A20000000000000000000002 /* OwnerDataStore.swift */, A20000000000000000000003 /* LocalAssetServer.swift */, A20000000000000000000004 /* HostViewController.swift */, A20000000000000000000005 /* RuntimeLifecycle.swift */, A2000000000000000000000E /* RuntimeDiagnostics.swift */); path = Sources; sourceTree = "<group>"; };
		A40000000000000000000003 /* Tests */ = {isa = PBXGroup; children = (A20000000000000000000008 /* OwnerDataStoreTests.swift */, A20000000000000000000009 /* LocalAssetServerTests.swift */, A2000000000000000000000A /* RuntimeLifecycleTests.swift */, A2000000000000000000000B /* LocalWebKitContractTests.swift */); path = SourcesTests; sourceTree = "<group>"; };
		A40000000000000000000004 /* Products */ = {isa = PBXGroup; name = Products; children = (A2000000000000000000000C /* RA2M1.app */, A2000000000000000000000D /* RA2M1Tests.xctest */); sourceTree = "<group>"; };
/* End PBXGroup section */

/* Begin PBXNativeTarget section */
		A60000000000000000000001 /* RA2M1 */ = {isa = PBXNativeTarget; buildConfigurationList = A70000000000000000000001 /* Build configuration list for PBXNativeTarget RA2M1 */; buildPhases = (A30000000000000000000003 /* Sources */, A30000000000000000000001 /* Frameworks */, A30000000000000000000004 /* Resources */); buildRules = (); dependencies = (); name = RA2M1; productName = RA2M1; productReference = A2000000000000000000000C /* RA2M1.app */; productType = "com.apple.product-type.application"; };
		A60000000000000000000002 /* RA2M1Tests */ = {isa = PBXNativeTarget; buildConfigurationList = A70000000000000000000002 /* Build configuration list for PBXNativeTarget RA2M1Tests */; buildPhases = (A30000000000000000000005 /* Sources */, A30000000000000000000002 /* Frameworks */, A30000000000000000000006 /* Resources */); buildRules = (); dependencies = (A80000000000000000000001 /* PBXTargetDependency */); name = RA2M1Tests; productName = RA2M1Tests; productReference = A2000000000000000000000D /* RA2M1Tests.xctest */; productType = "com.apple.product-type.bundle.unit-test"; };
/* End PBXNativeTarget section */

/* Begin PBXProject section */
		A90000000000000000000001 /* Project object */ = {isa = PBXProject; attributes = {LastUpgradeCheck = 1600; TargetAttributes = {A60000000000000000000001 = {CreatedOnToolsVersion = 16.0; }; A60000000000000000000002 = {CreatedOnToolsVersion = 16.0; TestTargetID = A60000000000000000000001; }; }; }; buildConfigurationList = A70000000000000000000003 /* Build configuration list for PBXProject */; compatibilityVersion = "Xcode 14.0"; developmentRegion = en; hasScannedForEncodings = 0; knownRegions = (en, Base); mainGroup = A40000000000000000000001; productRefGroup = A40000000000000000000004 /* Products */; projectDirPath = ""; projectRoot = ""; targets = (A60000000000000000000001 /* RA2M1 */, A60000000000000000000002 /* RA2M1Tests */); };
/* End PBXProject section */

/* Begin PBXResourcesBuildPhase section */
		A30000000000000000000004 /* Resources */ = {isa = PBXResourcesBuildPhase; buildActionMask = 2147483647; files = (A10000000000000000000006 /* Web in Resources */, A1000000000000000000000C /* Assets.xcassets in Resources */); runOnlyForDeploymentPostprocessing = 0; };
		A30000000000000000000006 /* Test Resources */ = {isa = PBXResourcesBuildPhase; buildActionMask = 2147483647; files = (); runOnlyForDeploymentPostprocessing = 0; };
/* End PBXResourcesBuildPhase section */

/* Begin PBXSourcesBuildPhase section */
		A30000000000000000000003 /* Sources */ = {isa = PBXSourcesBuildPhase; buildActionMask = 2147483647; files = (A10000000000000000000001 /* AppDelegate.swift in Sources */, A10000000000000000000002 /* OwnerDataStore.swift in Sources */, A10000000000000000000003 /* LocalAssetServer.swift in Sources */, A10000000000000000000004 /* HostViewController.swift in Sources */, A10000000000000000000005 /* RuntimeLifecycle.swift in Sources */, A1000000000000000000000D /* RuntimeDiagnostics.swift in Sources */); runOnlyForDeploymentPostprocessing = 0; };
		A30000000000000000000005 /* Test Sources */ = {isa = PBXSourcesBuildPhase; buildActionMask = 2147483647; files = (A10000000000000000000008 /* OwnerDataStoreTests.swift in Sources */, A10000000000000000000009 /* LocalAssetServerTests.swift in Sources */, A1000000000000000000000A /* RuntimeLifecycleTests.swift in Sources */, A1000000000000000000000B /* LocalWebKitContractTests.swift in Sources */); runOnlyForDeploymentPostprocessing = 0; };
/* End PBXSourcesBuildPhase section */

/* Begin PBXTargetDependency section */
		A80000000000000000000001 /* PBXTargetDependency */ = {isa = PBXTargetDependency; target = A60000000000000000000001 /* RA2M1 */; targetProxy = A50000000000000000000001 /* PBXContainerItemProxy */; };
/* End PBXTargetDependency section */

/* Begin XCBuildConfiguration section */
		AB0000000000000000000001 /* Debug Project */ = {isa = XCBuildConfiguration; buildSettings = {ALWAYS_SEARCH_USER_PATHS = NO; CLANG_ENABLE_MODULES = YES; IPHONEOS_DEPLOYMENT_TARGET = 16.0; SDKROOT = iphoneos; SWIFT_VERSION = 5.0; }; name = Debug; };
		AB0000000000000000000002 /* Release Project */ = {isa = XCBuildConfiguration; buildSettings = {ALWAYS_SEARCH_USER_PATHS = NO; CLANG_ENABLE_MODULES = YES; IPHONEOS_DEPLOYMENT_TARGET = 16.0; SDKROOT = iphoneos; SWIFT_VERSION = 5.0; }; name = Release; };
		AB0000000000000000000003 /* Debug App */ = {isa = XCBuildConfiguration; buildSettings = {ASSETCATALOG_COMPILER_APPICON_NAME = AppIcon; CODE_SIGN_STYLE = Automatic; ENABLE_TESTABILITY = YES; GENERATE_INFOPLIST_FILE = NO; INFOPLIST_FILE = Sources/Info.plist; IPHONEOS_DEPLOYMENT_TARGET = 16.0; PRODUCT_BUNDLE_IDENTIFIER = org.second-sun.ra2m1; PRODUCT_NAME = "$(TARGET_NAME)"; RA2_SOURCE_BRANCH = local; RA2_SOURCE_COMMIT = local; SDKROOT = iphoneos; SUPPORTED_PLATFORMS = "iphoneos iphonesimulator"; SWIFT_EMIT_LOC_STRINGS = YES; SWIFT_VERSION = 5.0; TARGETED_DEVICE_FAMILY = 1; }; name = Debug; };
		AB0000000000000000000004 /* Release App */ = {isa = XCBuildConfiguration; buildSettings = {ASSETCATALOG_COMPILER_APPICON_NAME = AppIcon; CODE_SIGN_STYLE = Automatic; GENERATE_INFOPLIST_FILE = NO; INFOPLIST_FILE = Sources/Info.plist; IPHONEOS_DEPLOYMENT_TARGET = 16.0; PRODUCT_BUNDLE_IDENTIFIER = org.second-sun.ra2m1; PRODUCT_NAME = "$(TARGET_NAME)"; RA2_SOURCE_BRANCH = local; RA2_SOURCE_COMMIT = local; SDKROOT = iphoneos; SUPPORTED_PLATFORMS = "iphoneos iphonesimulator"; SWIFT_EMIT_LOC_STRINGS = YES; SWIFT_VERSION = 5.0; TARGETED_DEVICE_FAMILY = 1; }; name = Release; };
		AB0000000000000000000005 /* Debug Tests */ = {isa = XCBuildConfiguration; buildSettings = {BUNDLE_LOADER = "$(TEST_HOST)"; CODE_SIGN_STYLE = Automatic; GENERATE_INFOPLIST_FILE = YES; IPHONEOS_DEPLOYMENT_TARGET = 16.0; PRODUCT_BUNDLE_IDENTIFIER = org.second-sun.ra2m1.tests; PRODUCT_NAME = "$(TARGET_NAME)"; SDKROOT = iphoneos; SUPPORTED_PLATFORMS = "iphoneos iphonesimulator"; SWIFT_VERSION = 5.0; TARGETED_DEVICE_FAMILY = 1; TEST_HOST = "$(BUILT_PRODUCTS_DIR)/RA2M1.app/RA2M1"; }; name = Debug; };
		AB0000000000000000000006 /* Release Tests */ = {isa = XCBuildConfiguration; buildSettings = {BUNDLE_LOADER = "$(TEST_HOST)"; CODE_SIGN_STYLE = Automatic; GENERATE_INFOPLIST_FILE = YES; IPHONEOS_DEPLOYMENT_TARGET = 16.0; PRODUCT_BUNDLE_IDENTIFIER = org.second-sun.ra2m1.tests; PRODUCT_NAME = "$(TARGET_NAME)"; SDKROOT = iphoneos; SUPPORTED_PLATFORMS = "iphoneos iphonesimulator"; SWIFT_VERSION = 5.0; TARGETED_DEVICE_FAMILY = 1; TEST_HOST = "$(BUILT_PRODUCTS_DIR)/RA2M1.app/RA2M1"; }; name = Release; };
/* End XCBuildConfiguration section */

/* Begin XCConfigurationList section */
		A70000000000000000000001 /* Build configuration list for PBXNativeTarget RA2M1 */ = {isa = XCConfigurationList; buildConfigurations = (AB0000000000000000000003 /* Debug App */, AB0000000000000000000004 /* Release App */); defaultConfigurationIsVisible = 0; defaultConfigurationName = Release; };
		A70000000000000000000002 /* Build configuration list for PBXNativeTarget RA2M1Tests */ = {isa = XCConfigurationList; buildConfigurations = (AB0000000000000000000005 /* Debug Tests */, AB0000000000000000000006 /* Release Tests */); defaultConfigurationIsVisible = 0; defaultConfigurationName = Release; };
		A70000000000000000000003 /* Build configuration list for PBXProject */ = {isa = XCConfigurationList; buildConfigurations = (AB0000000000000000000001 /* Debug Project */, AB0000000000000000000002 /* Release Project */); defaultConfigurationIsVisible = 0; defaultConfigurationName = Release; };
/* End XCConfigurationList section */
	};
	rootObject = A90000000000000000000001 /* Project object */;
}
